
Microsoft Visual Studio Solution File, Format Version 12.00
# Visual Studio 2012
Project("{FAE04EC0-301F-11D3-BF4B-00C04F79EFBC}") = "Demo_Supermarket_Billing_System", "Demo_Supermarket_Billing_System\Demo_Supermarket_Billing_System.csproj", "{86F7E193-809D-42DA-8BFC-CBFA8E31181A}"
EndProject
Global
	GlobalSection(SolutionConfigurationPlatforms) = preSolution
		Debug|Any CPU = Debug|Any CPU
		Release|Any CPU = Release|Any CPU
	EndGlobalSection
	GlobalSection(ProjectConfigurationPlatforms) = postSolution
		{86F7E193-809D-42DA-8BFC-CBFA8E31181A}.Debug|Any CPU.ActiveCfg = Debug|Any CPU
		{86F7E193-809D-42DA-8BFC-CBFA8E31181A}.Debug|Any CPU.Build.0 = Debug|Any CPU
		{86F7E193-809D-42DA-8BFC-CBFA8E31181A}.Release|Any CPU.ActiveCfg = Release|Any CPU
		{86F7E193-809D-42DA-8BFC-CBFA8E31181A}.Release|Any CPU.Build.0 = Release|Any CPU
	EndGlobalSection
	GlobalSection(SolutionProperties) = preSolution
		HideSolutionNode = FALSE
	EndGlobalSection
EndGlobal
